
Microsoft Visual Studio Solution File, Format Version 12.00
# Visual Studio Version 17
VisualStudioVersion = 17.2.32630.192
MinimumVisualStudioVersion = 10.0.40219.1
Project("{2150E333-8FDC-42A3-9474-1A3956D46DE8}") = "src", "src", "{6BC222DB-9CBB-4631-ACA4-17B78E15B4CE}"
EndProject
Project("{9A19103F-16F7-4668-BE54-9A1E7A4F7556}") = "Videogame.API", "Company.API\Videogame.API.csproj", "{58EE62F0-FA22-42AE-A7F7-25398F7D1347}"
EndProject
Project("{9A19103F-16F7-4668-BE54-9A1E7A4F7556}") = "Videogame.BL", "Company.BL\Videogame.BL.csproj", "{102BAFBB-1DC3-4EE7-B1A7-1C2FCD623B9E}"
EndProject
Project("{9A19103F-16F7-4668-BE54-9A1E7A4F7556}") = "Videogame.DAL", "Company.DAL\Videogame.DAL.csproj", "{4C32073B-DC0D-4F0C-BB84-DC807E219BEC}"
EndProject
Global
	GlobalSection(SolutionConfigurationPlatforms) = preSolution
		Debug|Any CPU = Debug|Any CPU
		Release|Any CPU = Release|Any CPU
	EndGlobalSection
	GlobalSection(ProjectConfigurationPlatforms) = postSolution
		{58EE62F0-FA22-42AE-A7F7-25398F7D1347}.Debug|Any CPU.ActiveCfg = Debug|Any CPU
		{58EE62F0-FA22-42AE-A7F7-25398F7D1347}.Debug|Any CPU.Build.0 = Debug|Any CPU
		{58EE62F0-FA22-42AE-A7F7-25398F7D1347}.Release|Any CPU.ActiveCfg = Release|Any CPU
		{58EE62F0-FA22-42AE-A7F7-25398F7D1347}.Release|Any CPU.Build.0 = Release|Any CPU
		{102BAFBB-1DC3-4EE7-B1A7-1C2FCD623B9E}.Debug|Any CPU.ActiveCfg = Debug|Any CPU
		{102BAFBB-1DC3-4EE7-B1A7-1C2FCD623B9E}.Debug|Any CPU.Build.0 = Debug|Any CPU
		{102BAFBB-1DC3-4EE7-B1A7-1C2FCD623B9E}.Release|Any CPU.ActiveCfg = Release|Any CPU
		{102BAFBB-1DC3-4EE7-B1A7-1C2FCD623B9E}.Release|Any CPU.Build.0 = Release|Any CPU
		{4C32073B-DC0D-4F0C-BB84-DC807E219BEC}.Debug|Any CPU.ActiveCfg = Debug|Any CPU
		{4C32073B-DC0D-4F0C-BB84-DC807E219BEC}.Debug|Any CPU.Build.0 = Debug|Any CPU
		{4C32073B-DC0D-4F0C-BB84-DC807E219BEC}.Release|Any CPU.ActiveCfg = Release|Any CPU
		{4C32073B-DC0D-4F0C-BB84-DC807E219BEC}.Release|Any CPU.Build.0 = Release|Any CPU
	EndGlobalSection
	GlobalSection(SolutionProperties) = preSolution
		HideSolutionNode = FALSE
	EndGlobalSection
	GlobalSection(NestedProjects) = preSolution
		{58EE62F0-FA22-42AE-A7F7-25398F7D1347} = {6BC222DB-9CBB-4631-ACA4-17B78E15B4CE}
		{102BAFBB-1DC3-4EE7-B1A7-1C2FCD623B9E} = {6BC222DB-9CBB-4631-ACA4-17B78E15B4CE}
		{4C32073B-DC0D-4F0C-BB84-DC807E219BEC} = {6BC222DB-9CBB-4631-ACA4-17B78E15B4CE}
	EndGlobalSection
	GlobalSection(ExtensibilityGlobals) = postSolution
		SolutionGuid = {C8893A77-4C67-40B7-9A43-4BB2B1787F5D}
	EndGlobalSection
EndGlobal
